{
    "_readme": [
        "This file locks the dependencies of your project to a known state",
        "Read more about it at http://getcomposer.org/doc/01-basic-usage.md#composer-lock-the-lock-file",
        "This file is @generated automatically"
    ],
    "hash": "2412708ad0e238f1b4f2f2fb914197ee",
    "packages": [
        {
            "name": "jbouzekri/sculpin-tag-cloud-bundle",
            "version": "1.2",
            "target-dir": "Jb/Bundle/TagCloudBundle",
            "source": {
                "type": "git",
                "url": "https://github.com/jbouzekri/SculpinTagCloudBundle.git",
                "reference": "936cf34ce60cb8fb4774931b1841fc775a3e9208"
            },
            "dist": {
                "type": "zip",
                "url": "https://api.github.com/repos/jbouzekri/SculpinTagCloudBundle/zipball/936cf34ce60cb8fb4774931b1841fc775a3e9208",
                "reference": "936cf34ce60cb8fb4774931b1841fc775a3e9208",
                "shasum": ""
            },
            "type": "sculpin-bundle",
            "autoload": {
                "psr-0": {
                    "Jb\\Bundle\\TagCloudBundle": ""
                }
            },
            "notification-url": "https://packagist.org/downloads/",
            "license": [
                "MIT"
            ],
            "description": "Generate tag cloud in Sculpin",
            "homepage": "https://github.com/jbouzekri/SculpinTagCloudBundle",
            "keywords": [
                "bundle",
                "cloud",
                "php",
                "sculpin",
                "tag"
            ],
            "time": "2015-07-12 16:31:50"
        },
        {
            "name": "mavimo/sculpin-editor-bundle",
            "version": "dev-master",
            "target-dir": "Mavimo/Sculpin/Bundle/EditorBundle",
            "source": {
                "type": "git",
                "url": "https://github.com/mavimo/sculpin-editor-bundle.git",
                "reference": "b740383232a236156426ca721b229ec47408c7c7"
            },
            "dist": {
                "type": "zip",
                "url": "https://api.github.com/repos/mavimo/sculpin-editor-bundle/zipball/b740383232a236156426ca721b229ec47408c7c7",
                "reference": "b740383232a236156426ca721b229ec47408c7c7",
                "shasum": ""
            },
            "require": {
                "php": ">=5.3.2"
            },
            "type": "library",
            "autoload": {
                "psr-0": {
                    "Mavimo\\Sculpin\\Bundle\\EditorBundle": ""
                }
            },
            "notification-url": "https://packagist.org/downloads/",
            "license": [
                "MIT"
            ],
            "authors": [
                {
                    "name": "Marco Vito Moscaritolo",
                    "email": "marco@mavimo.org",
                    "homepage": "http://www.mavimo.org"
                }
            ],
            "description": "Sculpin Editor Bundle",
            "homepage": "https://sculpin.io",
            "keywords": [
                "blog",
                "blogging",
                "projects",
                "site",
                "static"
            ],
            "time": "2014-01-04 16:34:28"
        },
        {
            "name": "mavimo/sculpin-redirect-bundle",
            "version": "dev-master",
            "target-dir": "Mavimo/Sculpin/Bundle/RedirectBundle",
            "source": {
                "type": "git",
                "url": "https://github.com/mavimo/sculpin-redirect-bundle.git",
                "reference": "5c42c401942008de04aa1e1d64161ca105568e2a"
            },
            "dist": {
                "type": "zip",
                "url": "https://api.github.com/repos/mavimo/sculpin-redirect-bundle/zipball/5c42c401942008de04aa1e1d64161ca105568e2a",
                "reference": "5c42c401942008de04aa1e1d64161ca105568e2a",
                "shasum": ""
            },
            "require": {
                "php": ">=5.3.2"
            },
            "type": "library",
            "autoload": {
                "psr-0": {
                    "Mavimo\\Sculpin\\Bundle\\RedirectBundle": ""
                }
            },
            "notification-url": "https://packagist.org/downloads/",
            "license": [
                "MIT"
            ],
            "authors": [
                {
                    "name": "Marco Vito Moscaritolo",
                    "email": "marco@mavimo.org",
                    "homepage": "http://www.mavimo.org"
                }
            ],
            "description": "Sculpin Redirect Bundle",
            "homepage": "https://sculpin.io",
            "keywords": [
                "blog",
                "blogging",
                "redirect",
                "site",
                "static"
            ],
            "time": "2014-01-04 14:40:02"
        }
    ],
    "packages-dev": [],
    "aliases": [],
    "minimum-stability": "stable",
    "stability-flags": {
        "mavimo/sculpin-redirect-bundle": 20,
        "mavimo/sculpin-editor-bundle": 20
    },
    "prefer-stable": false,
    "prefer-lowest": false,
    "platform": [],
    "platform-dev": []
}
