{
    "_readme": [
        "This file locks the dependencies of your project to a known state",
        "Read more about it at http://getcomposer.org/doc/01-basic-usage.md#composer-lock-the-lock-file",
        "This file is @generated automatically"
    ],
    "hash": "ac74666462e623c0bdf9a2676c61ee3c",
    "packages": [
        {
            "name": "jbouzekri/sculpin-tag-cloud-bundle",
            "version": "1.1",
            "target-dir": "Jb/Bundle/TagCloudBundle",
            "source": {
                "type": "git",
                "url": "https://github.com/jbouzekri/SculpinTagCloudBundle.git",
                "reference": "fef4a8f538d122924829d247a87386920d3715f4"
            },
            "dist": {
                "type": "zip",
                "url": "https://api.github.com/repos/jbouzekri/SculpinTagCloudBundle/zipball/fef4a8f538d122924829d247a87386920d3715f4",
                "reference": "fef4a8f538d122924829d247a87386920d3715f4",
                "shasum": ""
            },
            "type": "sculpin-bundle",
            "autoload": {
                "psr-0": {
                    "Jb\\Bundle\\TagCloudBundle": ""
                }
            },
            "notification-url": "https://packagist.org/downloads/",
            "license": [
                "MIT"
            ],
            "description": "Generate tag cloud in Sculpin",
            "homepage": "https://github.com/jbouzekri/SculpinTagCloudBundle",
            "keywords": [
                "bundle",
                "cloud",
                "php",
                "sculpin",
                "tag"
            ],
            "time": "2015-02-13 20:13:59"
        },
        {
            "name": "mavimo/sculpin-redirect-bundle",
            "version": "dev-master",
            "target-dir": "Mavimo/Sculpin/Bundle/RedirectBundle",
            "source": {
                "type": "git",
                "url": "https://github.com/mavimo/sculpin-redirect-bundle.git",
                "reference": "5c42c401942008de04aa1e1d64161ca105568e2a"
            },
            "dist": {
                "type": "zip",
                "url": "https://api.github.com/repos/mavimo/sculpin-redirect-bundle/zipball/5c42c401942008de04aa1e1d64161ca105568e2a",
                "reference": "5c42c401942008de04aa1e1d64161ca105568e2a",
                "shasum": ""
            },
            "require": {
                "php": ">=5.3.2"
            },
            "type": "library",
            "autoload": {
                "psr-0": {
                    "Mavimo\\Sculpin\\Bundle\\RedirectBundle": ""
                }
            },
            "notification-url": "https://packagist.org/downloads/",
            "license": [
                "MIT"
            ],
            "authors": [
                {
                    "name": "Marco Vito Moscaritolo",
                    "email": "marco@mavimo.org",
                    "homepage": "http://www.mavimo.org"
                }
            ],
            "description": "Sculpin Redirect Bundle",
            "homepage": "https://sculpin.io",
            "keywords": [
                "blog",
                "blogging",
                "redirect",
                "site",
                "static"
            ],
            "time": "2014-01-04 14:40:02"
        },
        {
            "name": "sculpin/bootstrap-3-blog-theme",
            "version": "dev-master",
            "source": {
                "type": "git",
                "url": "https://github.com/sculpin/bootstrap-3-blog-theme.git",
                "reference": "63d2c12172bfabe0d3231c87d1339698551ab0f2"
            },
            "dist": {
                "type": "zip",
                "url": "https://api.github.com/repos/sculpin/bootstrap-3-blog-theme/zipball/63d2c12172bfabe0d3231c87d1339698551ab0f2",
                "reference": "63d2c12172bfabe0d3231c87d1339698551ab0f2",
                "shasum": ""
            },
            "type": "sculpin-theme",
            "description": "A Bootstrap 3 Blog Theme for Sculpin",
            "support": {
                "source": "https://github.com/sculpin/bootstrap-3-blog-theme/tree/master",
                "issues": "https://github.com/sculpin/bootstrap-3-blog-theme/issues"
            },
            "time": "2014-01-16 06:29:42"
        }
    ],
    "packages-dev": [],
    "aliases": [],
    "minimum-stability": "stable",
    "stability-flags": {
        "sculpin/bootstrap-3-blog-theme": 20,
        "mavimo/sculpin-redirect-bundle": 20
    },
    "prefer-stable": false,
    "prefer-lowest": false,
    "platform": [],
    "platform-dev": []
}
